// !$*UTF8*$!
{
	archiveVersion = 1;
	classes = {
	};
	objectVersion = 52;
	objects = {

/* Begin PBXBuildFile section */
		1F158FBA2456E667001A3668 /* NewGroceryRow.swift in Sources */ = {isa = PBXBuildFile; fileRef = 1F158FB92456E667001A3668 /* NewGroceryRow.swift */; };
		1F18C53E23C8E50A00350F12 /* GroceryDetail.swift in Sources */ = {isa = PBXBuildFile; fileRef = 1F18C53D23C8E50A00350F12 /* GroceryDetail.swift */; };
		1F1CF9A723C8BDC200053A71 /* AppDelegate.swift in Sources */ = {isa = PBXBuildFile; fileRef = 1F1CF9A623C8BDC200053A71 /* AppDelegate.swift */; };
		1F1CF9A923C8BDC200053A71 /* SceneDelegate.swift in Sources */ = {isa = PBXBuildFile; fileRef = 1F1CF9A823C8BDC200053A71 /* SceneDelegate.swift */; };
		1F1CF9AC23C8BDC200053A71 /* GroceryCalculator.xcdatamodeld in Sources */ = {isa = PBXBuildFile; fileRef = 1F1CF9AA23C8BDC200053A71 /* GroceryCalculator.xcdatamodeld */; };
		1F1CF9B023C8BDC300053A71 /* Assets.xcassets in Resources */ = {isa = PBXBuildFile; fileRef = 1F1CF9AF23C8BDC300053A71 /* Assets.xcassets */; };
		1F1CF9B323C8BDC300053A71 /* Preview Assets.xcassets in Resources */ = {isa = PBXBuildFile; fileRef = 1F1CF9B223C8BDC300053A71 /* Preview Assets.xcassets */; };
		1F1CF9B623C8BDC300053A71 /* LaunchScreen.storyboard in Resources */ = {isa = PBXBuildFile; fileRef = 1F1CF9B423C8BDC300053A71 /* LaunchScreen.storyboard */; };
		1F1CF9C123C8BDC300053A71 /* GroceryCalculatorTests.swift in Sources */ = {isa = PBXBuildFile; fileRef = 1F1CF9C023C8BDC300053A71 /* GroceryCalculatorTests.swift */; };
		1F1CF9DA23C8BE1600053A71 /* GroceryRow.swift in Sources */ = {isa = PBXBuildFile; fileRef = 1F1CF9D923C8BE1600053A71 /* GroceryRow.swift */; };
		1F1CF9DF23C8BE6800053A71 /* Grocery.swift in Sources */ = {isa = PBXBuildFile; fileRef = 1F1CF9DE23C8BE6800053A71 /* Grocery.swift */; };
		1F1CF9E223C8C0AC00053A71 /* GroceryNavigationView.swift in Sources */ = {isa = PBXBuildFile; fileRef = 1F1CF9E123C8C0AC00053A71 /* GroceryNavigationView.swift */; };
		1F1CF9E623C8C3C700053A71 /* SampleGroceries.json in Resources */ = {isa = PBXBuildFile; fileRef = 1F1CF9E523C8C3C700053A71 /* SampleGroceries.json */; };
		1F1CF9EA23C8C68900053A71 /* TotalRow.swift in Sources */ = {isa = PBXBuildFile; fileRef = 1F1CF9E923C8C68900053A71 /* TotalRow.swift */; };
		1F3F182E245F166F00A40EE6 /* GroceryItemTests.swift in Sources */ = {isa = PBXBuildFile; fileRef = 1F3F182D245F166F00A40EE6 /* GroceryItemTests.swift */; };
		1F4646AC24B76D920098F36D /* ComplicationController.swift in Sources */ = {isa = PBXBuildFile; fileRef = 1F4646AB24B76D920098F36D /* ComplicationController.swift */; };
		1F4D7DE024AC8CDD00BE255D /* Formatter.swift in Sources */ = {isa = PBXBuildFile; fileRef = 1F4D7DDF24AC8CDD00BE255D /* Formatter.swift */; };
		1F53883224AE1C2600EAB2E8 /* Localizable.strings in Resources */ = {isa = PBXBuildFile; fileRef = 1F53883424AE1C2600EAB2E8 /* Localizable.strings */; };
		1F53883A24AE350D00EAB2E8 /* Formatter.swift in Sources */ = {isa = PBXBuildFile; fileRef = 1F4D7DDF24AC8CDD00BE255D /* Formatter.swift */; };
		1F53884024AE39E000EAB2E8 /* WatchGroceryList.swift in Sources */ = {isa = PBXBuildFile; fileRef = 1F6124C824656C8E00CE2E75 /* WatchGroceryList.swift */; };
		1F53884B24AF17DF00EAB2E8 /* Grocery.swift in Sources */ = {isa = PBXBuildFile; fileRef = 1F1CF9DE23C8BE6800053A71 /* Grocery.swift */; };
		1F53884C24AF187000EAB2E8 /* GroceryCalculator.xcdatamodeld in Sources */ = {isa = PBXBuildFile; fileRef = 1F1CF9AA23C8BDC200053A71 /* GroceryCalculator.xcdatamodeld */; };
		1F571C942456DFBB0007A019 /* GroceryListTests.swift in Sources */ = {isa = PBXBuildFile; fileRef = 1F571C932456DFBB0007A019 /* GroceryListTests.swift */; };
		1F6124BB24656C8B00CE2E75 /* Interface.storyboard in Resources */ = {isa = PBXBuildFile; fileRef = 1F6124B924656C8B00CE2E75 /* Interface.storyboard */; };
		1F6124BD24656C8E00CE2E75 /* Assets.xcassets in Resources */ = {isa = PBXBuildFile; fileRef = 1F6124BC24656C8E00CE2E75 /* Assets.xcassets */; };
		1F6124C424656C8E00CE2E75 /* Shopping Extension.appex in Embed App Extensions */ = {isa = PBXBuildFile; fileRef = 1F6124C324656C8E00CE2E75 /* Shopping Extension.appex */; settings = {ATTRIBUTES = (RemoveHeadersOnCopy, ); }; };
		1F6124CD24656C8E00CE2E75 /* ExtensionDelegate.swift in Sources */ = {isa = PBXBuildFile; fileRef = 1F6124CC24656C8E00CE2E75 /* ExtensionDelegate.swift */; };
		1F6124D524656C8F00CE2E75 /* Assets.xcassets in Resources */ = {isa = PBXBuildFile; fileRef = 1F6124D424656C8F00CE2E75 /* Assets.xcassets */; };
		1F6124D824656C8F00CE2E75 /* Preview Assets.xcassets in Resources */ = {isa = PBXBuildFile; fileRef = 1F6124D724656C8F00CE2E75 /* Preview Assets.xcassets */; };
		1F6124DD24656C8F00CE2E75 /* ShoppingWatch.app in Embed Watch Content */ = {isa = PBXBuildFile; fileRef = 1F6124B724656C8B00CE2E75 /* ShoppingWatch.app */; platformFilter = ios; settings = {ATTRIBUTES = (RemoveHeadersOnCopy, ); }; };
		1F71103323FAD30300A28576 /* GroceryCalculatorUITests.swift in Sources */ = {isa = PBXBuildFile; fileRef = 1F1CF9CB23C8BDC300053A71 /* GroceryCalculatorUITests.swift */; };
		1F71103523FAD9E500A28576 /* CoreDataHelper.swift in Sources */ = {isa = PBXBuildFile; fileRef = 1F71103423FAD9E500A28576 /* CoreDataHelper.swift */; };
		1F94A8E324B89A8000044B99 /* Localizable.strings in Resources */ = {isa = PBXBuildFile; fileRef = 1F53883424AE1C2600EAB2E8 /* Localizable.strings */; };
		1F94A8E424B89A9C00044B99 /* Localizable.strings in Resources */ = {isa = PBXBuildFile; fileRef = 1F53883424AE1C2600EAB2E8 /* Localizable.strings */; };
		1F94A8E624B89C1400044B99 /* WatchTests.swift in Sources */ = {isa = PBXBuildFile; fileRef = 1F94A8E524B89C1400044B99 /* WatchTests.swift */; };
		1F95433A24AA384A0082A0C2 /* HostingController.swift in Sources */ = {isa = PBXBuildFile; fileRef = 1F6124CA24656C8E00CE2E75 /* HostingController.swift */; };
		1FAB74B224C0762300BCE453 /* Algorithms.swift in Sources */ = {isa = PBXBuildFile; fileRef = 1FAB74B124C0762300BCE453 /* Algorithms.swift */; };
		1FAB74B324C07C0D00BCE453 /* Algorithms.swift in Sources */ = {isa = PBXBuildFile; fileRef = 1FAB74B124C0762300BCE453 /* Algorithms.swift */; };
		1FAB74B524C07F4700BCE453 /* UITestHelper.swift in Sources */ = {isa = PBXBuildFile; fileRef = 1FAB74B424C07F4700BCE453 /* UITestHelper.swift */; };
		1FC21DD524B48B4D00BB69B5 /* Settings.swift in Sources */ = {isa = PBXBuildFile; fileRef = 1FC21DD424B48B4D00BB69B5 /* Settings.swift */; };
		1FF60C2824A4AD73008AF525 /* CloudKit.framework in Frameworks */ = {isa = PBXBuildFile; fileRef = 1FF60C2724A4AD73008AF525 /* CloudKit.framework */; };
		1FF60C3224A6317C008AF525 /* CloudKit.framework in Frameworks */ = {isa = PBXBuildFile; fileRef = 1FF60C3124A6317C008AF525 /* CloudKit.framework */; };
		1FFF188F24B7089E00EEC6D7 /* WatchGroceryRow.swift in Sources */ = {isa = PBXBuildFile; fileRef = 1FFF188E24B7089E00EEC6D7 /* WatchGroceryRow.swift */; };
		1FFF189124B708EA00EEC6D7 /* WatchGroceryDetail.swift in Sources */ = {isa = PBXBuildFile; fileRef = 1FFF189024B708EA00EEC6D7 /* WatchGroceryDetail.swift */; };
/* End PBXBuildFile section */

/* Begin PBXContainerItemProxy section */
		1F1CF9BD23C8BDC300053A71 /* PBXContainerItemProxy */ = {
			isa = PBXContainerItemProxy;
			containerPortal = 1F1CF99B23C8BDC200053A71 /* Project object */;
			proxyType = 1;
			remoteGlobalIDString = 1F1CF9A223C8BDC200053A71;
			remoteInfo = GroceryCalculator;
		};
		1F6124C524656C8E00CE2E75 /* PBXContainerItemProxy */ = {
			isa = PBXContainerItemProxy;
			containerPortal = 1F1CF99B23C8BDC200053A71 /* Project object */;
			proxyType = 1;
			remoteGlobalIDString = 1F6124C224656C8E00CE2E75;
			remoteInfo = "Shopping Extension";
		};
		1F6124DB24656C8F00CE2E75 /* PBXContainerItemProxy */ = {
			isa = PBXContainerItemProxy;
			containerPortal = 1F1CF99B23C8BDC200053A71 /* Project object */;
			proxyType = 1;
			remoteGlobalIDString = 1F6124B624656C8B00CE2E75;
			remoteInfo = Shopping;
		};
		1F71102E23FAD2AC00A28576 /* PBXContainerItemProxy */ = {
			isa = PBXContainerItemProxy;
			containerPortal = 1F1CF99B23C8BDC200053A71 /* Project object */;
			proxyType = 1;
			remoteGlobalIDString = 1F1CF9A223C8BDC200053A71;
			remoteInfo = GroceryCalculator;
		};
/* End PBXContainerItemProxy section */

/* Begin PBXCopyFilesBuildPhase section */
		1F6124E124656C8F00CE2E75 /* Embed App Extensions */ = {
			isa = PBXCopyFilesBuildPhase;
			buildActionMask = 2147483647;
			dstPath = "";
			dstSubfolderSpec = 13;
			files = (
				1F6124C424656C8E00CE2E75 /* Shopping Extension.appex in Embed App Extensions */,
			);
			name = "Embed App Extensions";
			runOnlyForDeploymentPostprocessing = 0;
		};
		1F6124E524656C8F00CE2E75 /* Embed Watch Content */ = {
			isa = PBXCopyFilesBuildPhase;
			buildActionMask = 2147483647;
			dstPath = "$(CONTENTS_FOLDER_PATH)/Watch";
			dstSubfolderSpec = 16;
			files = (
				1F6124DD24656C8F00CE2E75 /* ShoppingWatch.app in Embed Watch Content */,
			);
			name = "Embed Watch Content";
			runOnlyForDeploymentPostprocessing = 0;
		};
/* End PBXCopyFilesBuildPhase section */

/* Begin PBXFileReference section */
		1F120A3824582E7A00DC6B3C /* GroceryCalculator.entitlements */ = {isa = PBXFileReference; lastKnownFileType = text.plist.entitlements; path = GroceryCalculator.entitlements; sourceTree = "<group>"; };
		1F158FB92456E667001A3668 /* NewGroceryRow.swift */ = {isa = PBXFileReference; lastKnownFileType = sourcecode.swift; path = NewGroceryRow.swift; sourceTree = "<group>"; };
		1F18C53D23C8E50A00350F12 /* GroceryDetail.swift */ = {isa = PBXFileReference; lastKnownFileType = sourcecode.swift; path = GroceryDetail.swift; sourceTree = "<group>"; };
		1F1CF9A323C8BDC200053A71 /* GroceryCalculator.app */ = {isa = PBXFileReference; explicitFileType = wrapper.application; includeInIndex = 0; path = GroceryCalculator.app; sourceTree = BUILT_PRODUCTS_DIR; };
		1F1CF9A623C8BDC200053A71 /* AppDelegate.swift */ = {isa = PBXFileReference; lastKnownFileType = sourcecode.swift; path = AppDelegate.swift; sourceTree = "<group>"; };
		1F1CF9A823C8BDC200053A71 /* SceneDelegate.swift */ = {isa = PBXFileReference; lastKnownFileType = sourcecode.swift; path = SceneDelegate.swift; sourceTree = "<group>"; };
		1F1CF9AB23C8BDC200053A71 /* GroceryCalculator.xcdatamodel */ = {isa = PBXFileReference; lastKnownFileType = wrapper.xcdatamodel; path = GroceryCalculator.xcdatamodel; sourceTree = "<group>"; };
		1F1CF9AF23C8BDC300053A71 /* Assets.xcassets */ = {isa = PBXFileReference; lastKnownFileType = folder.assetcatalog; path = Assets.xcassets; sourceTree = "<group>"; };
		1F1CF9B223C8BDC300053A71 /* Preview Assets.xcassets */ = {isa = PBXFileReference; lastKnownFileType = folder.assetcatalog; path = "Preview Assets.xcassets"; sourceTree = "<group>"; };
		1F1CF9B523C8BDC300053A71 /* Base */ = {isa = PBXFileReference; lastKnownFileType = file.storyboard; name = Base; path = Base.lproj/LaunchScreen.storyboard; sourceTree = "<group>"; };
		1F1CF9B723C8BDC300053A71 /* Info.plist */ = {isa = PBXFileReference; lastKnownFileType = text.plist.xml; path = Info.plist; sourceTree = "<group>"; };
		1F1CF9BC23C8BDC300053A71 /* GroceryCalculatorTests.xctest */ = {isa = PBXFileReference; explicitFileType = wrapper.cfbundle; includeInIndex = 0; path = GroceryCalculatorTests.xctest; sourceTree = BUILT_PRODUCTS_DIR; };
		1F1CF9C023C8BDC300053A71 /* GroceryCalculatorTests.swift */ = {isa = PBXFileReference; lastKnownFileType = sourcecode.swift; path = GroceryCalculatorTests.swift; sourceTree = "<group>"; };
		1F1CF9C223C8BDC300053A71 /* Info.plist */ = {isa = PBXFileReference; lastKnownFileType = text.plist.xml; path = Info.plist; sourceTree = "<group>"; };
		1F1CF9CB23C8BDC300053A71 /* GroceryCalculatorUITests.swift */ = {isa = PBXFileReference; lastKnownFileType = sourcecode.swift; path = GroceryCalculatorUITests.swift; sourceTree = "<group>"; };
		1F1CF9CD23C8BDC300053A71 /* Info.plist */ = {isa = PBXFileReference; lastKnownFileType = text.plist.xml; path = Info.plist; sourceTree = "<group>"; };
		1F1CF9D923C8BE1600053A71 /* GroceryRow.swift */ = {isa = PBXFileReference; lastKnownFileType = sourcecode.swift; path = GroceryRow.swift; sourceTree = "<group>"; };
		1F1CF9DE23C8BE6800053A71 /* Grocery.swift */ = {isa = PBXFileReference; lastKnownFileType = sourcecode.swift; path = Grocery.swift; sourceTree = "<group>"; };
		1F1CF9E123C8C0AC00053A71 /* GroceryNavigationView.swift */ = {isa = PBXFileReference; lastKnownFileType = sourcecode.swift; path = GroceryNavigationView.swift; sourceTree = "<group>"; };
		1F1CF9E523C8C3C700053A71 /* SampleGroceries.json */ = {isa = PBXFileReference; lastKnownFileType = text.json; path = SampleGroceries.json; sourceTree = "<group>"; };
		1F1CF9E923C8C68900053A71 /* TotalRow.swift */ = {isa = PBXFileReference; lastKnownFileType = sourcecode.swift; path = TotalRow.swift; sourceTree = "<group>"; };
		1F3F182D245F166F00A40EE6 /* GroceryItemTests.swift */ = {isa = PBXFileReference; lastKnownFileType = sourcecode.swift; path = GroceryItemTests.swift; sourceTree = "<group>"; };
		1F4646AB24B76D920098F36D /* ComplicationController.swift */ = {isa = PBXFileReference; fileEncoding = 4; lastKnownFileType = sourcecode.swift; path = ComplicationController.swift; sourceTree = "<group>"; };
		1F4D7DDF24AC8CDD00BE255D /* Formatter.swift */ = {isa = PBXFileReference; lastKnownFileType = sourcecode.swift; path = Formatter.swift; sourceTree = "<group>"; };
		1F53883324AE1C2600EAB2E8 /* en */ = {isa = PBXFileReference; lastKnownFileType = text.plist.strings; name = en; path = en.lproj/Localizable.strings; sourceTree = "<group>"; };
		1F53883524AE1C8B00EAB2E8 /* pt-BR */ = {isa = PBXFileReference; lastKnownFileType = text.plist.strings; name = "pt-BR"; path = "pt-BR.lproj/Localizable.strings"; sourceTree = "<group>"; };
		1F571C932456DFBB0007A019 /* GroceryListTests.swift */ = {isa = PBXFileReference; lastKnownFileType = sourcecode.swift; path = GroceryListTests.swift; sourceTree = "<group>"; };
		1F6124B724656C8B00CE2E75 /* ShoppingWatch.app */ = {isa = PBXFileReference; explicitFileType = wrapper.application; includeInIndex = 0; path = ShoppingWatch.app; sourceTree = BUILT_PRODUCTS_DIR; };
		1F6124BA24656C8B00CE2E75 /* Base */ = {isa = PBXFileReference; lastKnownFileType = file.storyboard; name = Base; path = Base.lproj/Interface.storyboard; sourceTree = "<group>"; };
		1F6124BC24656C8E00CE2E75 /* Assets.xcassets */ = {isa = PBXFileReference; lastKnownFileType = folder.assetcatalog; path = Assets.xcassets; sourceTree = "<group>"; };
		1F6124BE24656C8E00CE2E75 /* Info.plist */ = {isa = PBXFileReference; lastKnownFileType = text.plist.xml; path = Info.plist; sourceTree = "<group>"; };
		1F6124C324656C8E00CE2E75 /* Shopping Extension.appex */ = {isa = PBXFileReference; explicitFileType = "wrapper.app-extension"; includeInIndex = 0; path = "Shopping Extension.appex"; sourceTree = BUILT_PRODUCTS_DIR; };
		1F6124C824656C8E00CE2E75 /* WatchGroceryList.swift */ = {isa = PBXFileReference; lastKnownFileType = sourcecode.swift; path = WatchGroceryList.swift; sourceTree = "<group>"; };
		1F6124CA24656C8E00CE2E75 /* HostingController.swift */ = {isa = PBXFileReference; lastKnownFileType = sourcecode.swift; path = HostingController.swift; sourceTree = "<group>"; };
		1F6124CC24656C8E00CE2E75 /* ExtensionDelegate.swift */ = {isa = PBXFileReference; lastKnownFileType = sourcecode.swift; path = ExtensionDelegate.swift; sourceTree = "<group>"; };
		1F6124D424656C8F00CE2E75 /* Assets.xcassets */ = {isa = PBXFileReference; lastKnownFileType = folder.assetcatalog; path = Assets.xcassets; sourceTree = "<group>"; };
		1F6124D724656C8F00CE2E75 /* Preview Assets.xcassets */ = {isa = PBXFileReference; lastKnownFileType = folder.assetcatalog; path = "Preview Assets.xcassets"; sourceTree = "<group>"; };
		1F6124D924656C8F00CE2E75 /* Info.plist */ = {isa = PBXFileReference; lastKnownFileType = text.plist.xml; path = Info.plist; sourceTree = "<group>"; };
		1F6124DA24656C8F00CE2E75 /* PushNotificationPayload.apns */ = {isa = PBXFileReference; lastKnownFileType = text; path = PushNotificationPayload.apns; sourceTree = "<group>"; };
		1F71102923FAD2AC00A28576 /* GroceryCalculatorUITests.xctest */ = {isa = PBXFileReference; explicitFileType = wrapper.cfbundle; includeInIndex = 0; path = GroceryCalculatorUITests.xctest; sourceTree = BUILT_PRODUCTS_DIR; };
		1F71103423FAD9E500A28576 /* CoreDataHelper.swift */ = {isa = PBXFileReference; lastKnownFileType = sourcecode.swift; path = CoreDataHelper.swift; sourceTree = "<group>"; };
		1F94A8E524B89C1400044B99 /* WatchTests.swift */ = {isa = PBXFileReference; lastKnownFileType = sourcecode.swift; path = WatchTests.swift; sourceTree = "<group>"; };
		1FAB74B124C0762300BCE453 /* Algorithms.swift */ = {isa = PBXFileReference; lastKnownFileType = sourcecode.swift; path = Algorithms.swift; sourceTree = "<group>"; };
		1FAB74B424C07F4700BCE453 /* UITestHelper.swift */ = {isa = PBXFileReference; lastKnownFileType = sourcecode.swift; path = UITestHelper.swift; sourceTree = "<group>"; };
		1FC21DD424B48B4D00BB69B5 /* Settings.swift */ = {isa = PBXFileReference; lastKnownFileType = sourcecode.swift; path = Settings.swift; sourceTree = "<group>"; };
		1FF60C2724A4AD73008AF525 /* CloudKit.framework */ = {isa = PBXFileReference; lastKnownFileType = wrapper.framework; name = CloudKit.framework; path = System/Library/Frameworks/CloudKit.framework; sourceTree = SDKROOT; };
		1FF60C3024A63178008AF525 /* Shopping Extension.entitlements */ = {isa = PBXFileReference; lastKnownFileType = text.plist.entitlements; path = "Shopping Extension.entitlements"; sourceTree = "<group>"; };
		1FF60C3124A6317C008AF525 /* CloudKit.framework */ = {isa = PBXFileReference; lastKnownFileType = wrapper.framework; name = CloudKit.framework; path = Platforms/WatchOS.platform/Developer/SDKs/WatchOS6.2.sdk/System/Library/Frameworks/CloudKit.framework; sourceTree = DEVELOPER_DIR; };
		1FFF188E24B7089E00EEC6D7 /* WatchGroceryRow.swift */ = {isa = PBXFileReference; lastKnownFileType = sourcecode.swift; path = WatchGroceryRow.swift; sourceTree = "<group>"; };
		1FFF189024B708EA00EEC6D7 /* WatchGroceryDetail.swift */ = {isa = PBXFileReference; lastKnownFileType = sourcecode.swift; path = WatchGroceryDetail.swift; sourceTree = "<group>"; };
/* End PBXFileReference section */

/* Begin PBXFrameworksBuildPhase section */
		1F1CF9A023C8BDC200053A71 /* Frameworks */ = {
			isa = PBXFrameworksBuildPhase;
			buildActionMask = 2147483647;
			files = (
				1FF60C2824A4AD73008AF525 /* CloudKit.framework in Frameworks */,
			);
			runOnlyForDeploymentPostprocessing = 0;
		};
		1F1CF9B923C8BDC300053A71 /* Frameworks */ = {
			isa = PBXFrameworksBuildPhase;
			buildActionMask = 2147483647;
			files = (
			);
			runOnlyForDeploymentPostprocessing = 0;
		};
		1F6124C024656C8E00CE2E75 /* Frameworks */ = {
			isa = PBXFrameworksBuildPhase;
			buildActionMask = 2147483647;
			files = (
				1FF60C3224A6317C008AF525 /* CloudKit.framework in Frameworks */,
			);
			runOnlyForDeploymentPostprocessing = 0;
		};
		1F71102623FAD2AC00A28576 /* Frameworks */ = {
			isa = PBXFrameworksBuildPhase;
			buildActionMask = 2147483647;
			files = (
			);
			runOnlyForDeploymentPostprocessing = 0;
		};
/* End PBXFrameworksBuildPhase section */

/* Begin PBXGroup section */
		1F1CF99A23C8BDC200053A71 = {
			isa = PBXGroup;
			children = (
				1F1CF9A523C8BDC200053A71 /* GroceryCalculator */,
				1F1CF9BF23C8BDC300053A71 /* GroceryCalculatorTests */,
				1F1CF9CA23C8BDC300053A71 /* GroceryCalculatorUITests */,
				1F6124B824656C8B00CE2E75 /* Shopping */,
				1F6124C724656C8E00CE2E75 /* Shopping Extension */,
				1F1CF9A423C8BDC200053A71 /* Products */,
				1F1CF9E023C8BE6C00053A71 /* Shared */,
				1FF60C2624A4AD73008AF525 /* Frameworks */,
			);
			sourceTree = "<group>";
		};
		1F1CF9A423C8BDC200053A71 /* Products */ = {
			isa = PBXGroup;
			children = (
				1F1CF9A323C8BDC200053A71 /* GroceryCalculator.app */,
				1F1CF9BC23C8BDC300053A71 /* GroceryCalculatorTests.xctest */,
				1F71102923FAD2AC00A28576 /* GroceryCalculatorUITests.xctest */,
				1F6124B724656C8B00CE2E75 /* ShoppingWatch.app */,
				1F6124C324656C8E00CE2E75 /* Shopping Extension.appex */,
			);
			name = Products;
			sourceTree = "<group>";
		};
		1F1CF9A523C8BDC200053A71 /* GroceryCalculator */ = {
			isa = PBXGroup;
			children = (
				1F120A3824582E7A00DC6B3C /* GroceryCalculator.entitlements */,
				1F1CF9A623C8BDC200053A71 /* AppDelegate.swift */,
				1F1CF9A823C8BDC200053A71 /* SceneDelegate.swift */,
				1F1CF9AF23C8BDC300053A71 /* Assets.xcassets */,
				1F1CF9B423C8BDC300053A71 /* LaunchScreen.storyboard */,
				1F1CF9B723C8BDC300053A71 /* Info.plist */,
				1F1CF9B123C8BDC300053A71 /* Preview Content */,
				1F1CF9DB23C8BE1A00053A71 /* Views */,
				1F1CF9E523C8C3C700053A71 /* SampleGroceries.json */,
			);
			path = GroceryCalculator;
			sourceTree = "<group>";
		};
		1F1CF9B123C8BDC300053A71 /* Preview Content */ = {
			isa = PBXGroup;
			children = (
				1F1CF9B223C8BDC300053A71 /* Preview Assets.xcassets */,
			);
			path = "Preview Content";
			sourceTree = "<group>";
		};
		1F1CF9BF23C8BDC300053A71 /* GroceryCalculatorTests */ = {
			isa = PBXGroup;
			children = (
				1F1CF9C023C8BDC300053A71 /* GroceryCalculatorTests.swift */,
				1F1CF9C223C8BDC300053A71 /* Info.plist */,
				1F71103423FAD9E500A28576 /* CoreDataHelper.swift */,
				1F571C932456DFBB0007A019 /* GroceryListTests.swift */,
				1F3F182D245F166F00A40EE6 /* GroceryItemTests.swift */,
				1F94A8E524B89C1400044B99 /* WatchTests.swift */,
			);
			path = GroceryCalculatorTests;
			sourceTree = "<group>";
		};
		1F1CF9CA23C8BDC300053A71 /* GroceryCalculatorUITests */ = {
			isa = PBXGroup;
			children = (
				1F1CF9CB23C8BDC300053A71 /* GroceryCalculatorUITests.swift */,
				1F1CF9CD23C8BDC300053A71 /* Info.plist */,
				1FAB74B424C07F4700BCE453 /* UITestHelper.swift */,
			);
			path = GroceryCalculatorUITests;
			sourceTree = "<group>";
		};
		1F1CF9DB23C8BE1A00053A71 /* Views */ = {
			isa = PBXGroup;
			children = (
				1F18C53D23C8E50A00350F12 /* GroceryDetail.swift */,
				1F1CF9E123C8C0AC00053A71 /* GroceryNavigationView.swift */,
				1F1CF9D923C8BE1600053A71 /* GroceryRow.swift */,
				1F158FB92456E667001A3668 /* NewGroceryRow.swift */,
				1F1CF9E923C8C68900053A71 /* TotalRow.swift */,
				1FC21DD424B48B4D00BB69B5 /* Settings.swift */,
			);
			path = Views;
			sourceTree = "<group>";
		};
		1F1CF9E023C8BE6C00053A71 /* Shared */ = {
			isa = PBXGroup;
			children = (
				1F4D7DDF24AC8CDD00BE255D /* Formatter.swift */,
				1F53883424AE1C2600EAB2E8 /* Localizable.strings */,
				1F1CF9AA23C8BDC200053A71 /* GroceryCalculator.xcdatamodeld */,
				1F1CF9DE23C8BE6800053A71 /* Grocery.swift */,
				1FAB74B124C0762300BCE453 /* Algorithms.swift */,
			);
			path = Shared;
			sourceTree = "<group>";
		};
		1F24EAB524C048250036FAC0 /* Views */ = {
			isa = PBXGroup;
			children = (
				1F6124C824656C8E00CE2E75 /* WatchGroceryList.swift */,
				1FFF188E24B7089E00EEC6D7 /* WatchGroceryRow.swift */,
				1FFF189024B708EA00EEC6D7 /* WatchGroceryDetail.swift */,
			);
			path = Views;
			sourceTree = "<group>";
		};
		1F6124B824656C8B00CE2E75 /* Shopping */ = {
			isa = PBXGroup;
			children = (
				1F6124B924656C8B00CE2E75 /* Interface.storyboard */,
				1F6124BC24656C8E00CE2E75 /* Assets.xcassets */,
				1F6124BE24656C8E00CE2E75 /* Info.plist */,
			);
			path = Shopping;
			sourceTree = "<group>";
		};
		1F6124C724656C8E00CE2E75 /* Shopping Extension */ = {
			isa = PBXGroup;
			children = (
				1FF60C3024A63178008AF525 /* Shopping Extension.entitlements */,
				1F24EAB524C048250036FAC0 /* Views */,
				1F6124CA24656C8E00CE2E75 /* HostingController.swift */,
				1F6124CC24656C8E00CE2E75 /* ExtensionDelegate.swift */,
				1F4646AB24B76D920098F36D /* ComplicationController.swift */,
				1F6124D424656C8F00CE2E75 /* Assets.xcassets */,
				1F6124D924656C8F00CE2E75 /* Info.plist */,
				1F6124DA24656C8F00CE2E75 /* PushNotificationPayload.apns */,
				1F6124D624656C8F00CE2E75 /* Preview Content */,
			);
			path = "Shopping Extension";
			sourceTree = "<group>";
		};
		1F6124D624656C8F00CE2E75 /* Preview Content */ = {
			isa = PBXGroup;
			children = (
				1F6124D724656C8F00CE2E75 /* Preview Assets.xcassets */,
			);
			path = "Preview Content";
			sourceTree = "<group>";
		};
		1FF60C2624A4AD73008AF525 /* Frameworks */ = {
			isa = PBXGroup;
			children = (
				1FF60C3124A6317C008AF525 /* CloudKit.framework */,
				1FF60C2724A4AD73008AF525 /* CloudKit.framework */,
			);
			name = Frameworks;
			sourceTree = "<group>";
		};
/* End PBXGroup section */

/* Begin PBXNativeTarget section */
		1F1CF9A223C8BDC200053A71 /* GroceryCalculator */ = {
			isa = PBXNativeTarget;
			buildConfigurationList = 1F1CF9D023C8BDC300053A71 /* Build configuration list for PBXNativeTarget "GroceryCalculator" */;
			buildPhases = (
				1F1CF99F23C8BDC200053A71 /* Sources */,
				1F1CF9A023C8BDC200053A71 /* Frameworks */,
				1F1CF9A123C8BDC200053A71 /* Resources */,
				1F6124E524656C8F00CE2E75 /* Embed Watch Content */,
			);
			buildRules = (
			);
			dependencies = (
				1F6124DC24656C8F00CE2E75 /* PBXTargetDependency */,
			);
			name = GroceryCalculator;
			productName = GroceryCalculator;
			productReference = 1F1CF9A323C8BDC200053A71 /* GroceryCalculator.app */;
			productType = "com.apple.product-type.application";
		};
		1F1CF9BB23C8BDC300053A71 /* GroceryCalculatorTests */ = {
			isa = PBXNativeTarget;
			buildConfigurationList = 1F1CF9D323C8BDC300053A71 /* Build configuration list for PBXNativeTarget "GroceryCalculatorTests" */;
			buildPhases = (
				1F1CF9B823C8BDC300053A71 /* Sources */,
				1F1CF9B923C8BDC300053A71 /* Frameworks */,
				1F1CF9BA23C8BDC300053A71 /* Resources */,
			);
			buildRules = (
			);
			dependencies = (
				1F1CF9BE23C8BDC300053A71 /* PBXTargetDependency */,
			);
			name = GroceryCalculatorTests;
			productName = GroceryCalculatorTests;
			productReference = 1F1CF9BC23C8BDC300053A71 /* GroceryCalculatorTests.xctest */;
			productType = "com.apple.product-type.bundle.unit-test";
		};
		1F6124B624656C8B00CE2E75 /* ShoppingWatch */ = {
			isa = PBXNativeTarget;
			buildConfigurationList = 1F6124E224656C8F00CE2E75 /* Build configuration list for PBXNativeTarget "ShoppingWatch" */;
			buildPhases = (
				1F6124B524656C8B00CE2E75 /* Resources */,
				1F6124E124656C8F00CE2E75 /* Embed App Extensions */,
			);
			buildRules = (
			);
			dependencies = (
				1F6124C624656C8E00CE2E75 /* PBXTargetDependency */,
			);
			name = ShoppingWatch;
			productName = Shopping;
			productReference = 1F6124B724656C8B00CE2E75 /* ShoppingWatch.app */;
			productType = "com.apple.product-type.application.watchapp2";
		};
		1F6124C224656C8E00CE2E75 /* Shopping Extension */ = {
			isa = PBXNativeTarget;
			buildConfigurationList = 1F6124DE24656C8F00CE2E75 /* Build configuration list for PBXNativeTarget "Shopping Extension" */;
			buildPhases = (
				1F6124BF24656C8E00CE2E75 /* Sources */,
				1F6124C024656C8E00CE2E75 /* Frameworks */,
				1F6124C124656C8E00CE2E75 /* Resources */,
			);
			buildRules = (
			);
			dependencies = (
			);
			name = "Shopping Extension";
			productName = "Shopping Extension";
			productReference = 1F6124C324656C8E00CE2E75 /* Shopping Extension.appex */;
			productType = "com.apple.product-type.watchkit2-extension";
		};
		1F71102823FAD2AC00A28576 /* GroceryCalculatorUITests */ = {
			isa = PBXNativeTarget;
			buildConfigurationList = 1F71103023FAD2AC00A28576 /* Build configuration list for PBXNativeTarget "GroceryCalculatorUITests" */;
			buildPhases = (
				1F71102523FAD2AC00A28576 /* Sources */,
				1F71102623FAD2AC00A28576 /* Frameworks */,
				1F71102723FAD2AC00A28576 /* Resources */,
			);
			buildRules = (
			);
			dependencies = (
				1F71102F23FAD2AC00A28576 /* PBXTargetDependency */,
			);
			name = GroceryCalculatorUITests;
			productName = GroceryCalculatorUITests;
			productReference = 1F71102923FAD2AC00A28576 /* GroceryCalculatorUITests.xctest */;
			productType = "com.apple.product-type.bundle.ui-testing";
		};
/* End PBXNativeTarget section */

/* Begin PBXProject section */
		1F1CF99B23C8BDC200053A71 /* Project object */ = {
			isa = PBXProject;
			attributes = {
				LastSwiftUpdateCheck = 1140;
				LastUpgradeCheck = 1130;
				ORGANIZATIONNAME = "Renan Greca";
				TargetAttributes = {
					1F1CF9A223C8BDC200053A71 = {
						CreatedOnToolsVersion = 11.3;
					};
					1F1CF9BB23C8BDC300053A71 = {
						CreatedOnToolsVersion = 11.3;
						TestTargetID = 1F1CF9A223C8BDC200053A71;
					};
					1F6124B624656C8B00CE2E75 = {
						CreatedOnToolsVersion = 11.4.1;
					};
					1F6124C224656C8E00CE2E75 = {
						CreatedOnToolsVersion = 11.4.1;
					};
					1F71102823FAD2AC00A28576 = {
						CreatedOnToolsVersion = 11.3;
						TestTargetID = 1F1CF9A223C8BDC200053A71;
					};
				};
			};
			buildConfigurationList = 1F1CF99E23C8BDC200053A71 /* Build configuration list for PBXProject "GroceryCalculator" */;
			compatibilityVersion = "Xcode 9.3";
			developmentRegion = en;
			hasScannedForEncodings = 0;
			knownRegions = (
				en,
				Base,
				"pt-BR",
			);
			mainGroup = 1F1CF99A23C8BDC200053A71;
			productRefGroup = 1F1CF9A423C8BDC200053A71 /* Products */;
			projectDirPath = "";
			projectRoot = "";
			targets = (
				1F1CF9A223C8BDC200053A71 /* GroceryCalculator */,
				1F1CF9BB23C8BDC300053A71 /* GroceryCalculatorTests */,
				1F71102823FAD2AC00A28576 /* GroceryCalculatorUITests */,
				1F6124B624656C8B00CE2E75 /* ShoppingWatch */,
				1F6124C224656C8E00CE2E75 /* Shopping Extension */,
			);
		};
/* End PBXProject section */

/* Begin PBXResourcesBuildPhase section */
		1F1CF9A123C8BDC200053A71 /* Resources */ = {
			isa = PBXResourcesBuildPhase;
			buildActionMask = 2147483647;
			files = (
				1F1CF9B623C8BDC300053A71 /* LaunchScreen.storyboard in Resources */,
				1F1CF9E623C8C3C700053A71 /* SampleGroceries.json in Resources */,
				1F53883224AE1C2600EAB2E8 /* Localizable.strings in Resources */,
				1F1CF9B323C8BDC300053A71 /* Preview Assets.xcassets in Resources */,
				1F1CF9B023C8BDC300053A71 /* Assets.xcassets in Resources */,
			);
			runOnlyForDeploymentPostprocessing = 0;
		};
		1F1CF9BA23C8BDC300053A71 /* Resources */ = {
			isa = PBXResourcesBuildPhase;
			buildActionMask = 2147483647;
			files = (
			);
			runOnlyForDeploymentPostprocessing = 0;
		};
		1F6124B524656C8B00CE2E75 /* Resources */ = {
			isa = PBXResourcesBuildPhase;
			buildActionMask = 2147483647;
			files = (
				1F94A8E324B89A8000044B99 /* Localizable.strings in Resources */,
				1F6124BD24656C8E00CE2E75 /* Assets.xcassets in Resources */,
				1F6124BB24656C8B00CE2E75 /* Interface.storyboard in Resources */,
			);
			runOnlyForDeploymentPostprocessing = 0;
		};
		1F6124C124656C8E00CE2E75 /* Resources */ = {
			isa = PBXResourcesBuildPhase;
			buildActionMask = 2147483647;
			files = (
				1F94A8E424B89A9C00044B99 /* Localizable.strings in Resources */,
				1F6124D824656C8F00CE2E75 /* Preview Assets.xcassets in Resources */,
				1F6124D524656C8F00CE2E75 /* Assets.xcassets in Resources */,
			);
			runOnlyForDeploymentPostprocessing = 0;
		};
		1F71102723FAD2AC00A28576 /* Resources */ = {
			isa = PBXResourcesBuildPhase;
			buildActionMask = 2147483647;
			files = (
			);
			runOnlyForDeploymentPostprocessing = 0;
		};
/* End PBXResourcesBuildPhase section */

/* Begin PBXSourcesBuildPhase section */
		1F1CF99F23C8BDC200053A71 /* Sources */ = {
			isa = PBXSourcesBuildPhase;
			buildActionMask = 2147483647;
			files = (
				1F1CF9AC23C8BDC200053A71 /* GroceryCalculator.xcdatamodeld in Sources */,
				1F1CF9A723C8BDC200053A71 /* AppDelegate.swift in Sources */,
				1F1CF9E223C8C0AC00053A71 /* GroceryNavigationView.swift in Sources */,
				1F18C53E23C8E50A00350F12 /* GroceryDetail.swift in Sources */,
				1F158FBA2456E667001A3668 /* NewGroceryRow.swift in Sources */,
				1FAB74B224C0762300BCE453 /* Algorithms.swift in Sources */,
				1FC21DD524B48B4D00BB69B5 /* Settings.swift in Sources */,
				1F1CF9A923C8BDC200053A71 /* SceneDelegate.swift in Sources */,
				1F4D7DE024AC8CDD00BE255D /* Formatter.swift in Sources */,
				1F1CF9DA23C8BE1600053A71 /* GroceryRow.swift in Sources */,
				1F1CF9EA23C8C68900053A71 /* TotalRow.swift in Sources */,
				1F1CF9DF23C8BE6800053A71 /* Grocery.swift in Sources */,
			);
			runOnlyForDeploymentPostprocessing = 0;
		};
		1F1CF9B823C8BDC300053A71 /* Sources */ = {
			isa = PBXSourcesBuildPhase;
			buildActionMask = 2147483647;
			files = (
				1F71103523FAD9E500A28576 /* CoreDataHelper.swift in Sources */,
				1F94A8E624B89C1400044B99 /* WatchTests.swift in Sources */,
				1F1CF9C123C8BDC300053A71 /* GroceryCalculatorTests.swift in Sources */,
				1F3F182E245F166F00A40EE6 /* GroceryItemTests.swift in Sources */,
				1F571C942456DFBB0007A019 /* GroceryListTests.swift in Sources */,
			);
			runOnlyForDeploymentPostprocessing = 0;
		};
		1F6124BF24656C8E00CE2E75 /* Sources */ = {
			isa = PBXSourcesBuildPhase;
			buildActionMask = 2147483647;
			files = (
				1FFF189124B708EA00EEC6D7 /* WatchGroceryDetail.swift in Sources */,
				1F53884B24AF17DF00EAB2E8 /* Grocery.swift in Sources */,
				1F4646AC24B76D920098F36D /* ComplicationController.swift in Sources */,
				1FAB74B324C07C0D00BCE453 /* Algorithms.swift in Sources */,
				1FFF188F24B7089E00EEC6D7 /* WatchGroceryRow.swift in Sources */,
				1F53884C24AF187000EAB2E8 /* GroceryCalculator.xcdatamodeld in Sources */,
				1F6124CD24656C8E00CE2E75 /* ExtensionDelegate.swift in Sources */,
				1F53883A24AE350D00EAB2E8 /* Formatter.swift in Sources */,
				1F53884024AE39E000EAB2E8 /* WatchGroceryList.swift in Sources */,
				1F95433A24AA384A0082A0C2 /* HostingController.swift in Sources */,
			);
			runOnlyForDeploymentPostprocessing = 0;
		};
		1F71102523FAD2AC00A28576 /* Sources */ = {
			isa = PBXSourcesBuildPhase;
			buildActionMask = 2147483647;
			files = (
				1F71103323FAD30300A28576 /* GroceryCalculatorUITests.swift in Sources */,
				1FAB74B524C07F4700BCE453 /* UITestHelper.swift in Sources */,
			);
			runOnlyForDeploymentPostprocessing = 0;
		};
/* End PBXSourcesBuildPhase section */

/* Begin PBXTargetDependency section */
		1F1CF9BE23C8BDC300053A71 /* PBXTargetDependency */ = {
			isa = PBXTargetDependency;
			target = 1F1CF9A223C8BDC200053A71 /* GroceryCalculator */;
			targetProxy = 1F1CF9BD23C8BDC300053A71 /* PBXContainerItemProxy */;
		};
		1F6124C624656C8E00CE2E75 /* PBXTargetDependency */ = {
			isa = PBXTargetDependency;
			target = 1F6124C224656C8E00CE2E75 /* Shopping Extension */;
			targetProxy = 1F6124C524656C8E00CE2E75 /* PBXContainerItemProxy */;
		};
		1F6124DC24656C8F00CE2E75 /* PBXTargetDependency */ = {
			isa = PBXTargetDependency;
			platformFilter = ios;
			target = 1F6124B624656C8B00CE2E75 /* ShoppingWatch */;
			targetProxy = 1F6124DB24656C8F00CE2E75 /* PBXContainerItemProxy */;
		};
		1F71102F23FAD2AC00A28576 /* PBXTargetDependency */ = {
			isa = PBXTargetDependency;
			target = 1F1CF9A223C8BDC200053A71 /* GroceryCalculator */;
			targetProxy = 1F71102E23FAD2AC00A28576 /* PBXContainerItemProxy */;
		};
/* End PBXTargetDependency section */

/* Begin PBXVariantGroup section */
		1F1CF9B423C8BDC300053A71 /* LaunchScreen.storyboard */ = {
			isa = PBXVariantGroup;
			children = (
				1F1CF9B523C8BDC300053A71 /* Base */,
			);
			name = LaunchScreen.storyboard;
			sourceTree = "<group>";
		};
		1F53883424AE1C2600EAB2E8 /* Localizable.strings */ = {
			isa = PBXVariantGroup;
			children = (
				1F53883324AE1C2600EAB2E8 /* en */,
				1F53883524AE1C8B00EAB2E8 /* pt-BR */,
			);
			name = Localizable.strings;
			sourceTree = "<group>";
		};
		1F6124B924656C8B00CE2E75 /* Interface.storyboard */ = {
			isa = PBXVariantGroup;
			children = (
				1F6124BA24656C8B00CE2E75 /* Base */,
			);
			name = Interface.storyboard;
			sourceTree = "<group>";
		};
/* End PBXVariantGroup section */

/* Begin XCBuildConfiguration section */
		1F1CF9CE23C8BDC300053A71 /* Debug */ = {
			isa = XCBuildConfiguration;
			buildSettings = {
				ALWAYS_SEARCH_USER_PATHS = NO;
				CLANG_ANALYZER_LOCALIZABILITY_NONLOCALIZED = YES;
				CLANG_ANALYZER_NONNULL = YES;
				CLANG_ANALYZER_NUMBER_OBJECT_CONVERSION = YES_AGGRESSIVE;
				CLANG_CXX_LANGUAGE_STANDARD = "gnu++14";
				CLANG_CXX_LIBRARY = "libc++";
				CLANG_ENABLE_MODULES = YES;
				CLANG_ENABLE_OBJC_ARC = YES;
				CLANG_ENABLE_OBJC_WEAK = YES;
				CLANG_WARN_BLOCK_CAPTURE_AUTORELEASING = YES;
				CLANG_WARN_BOOL_CONVERSION = YES;
				CLANG_WARN_COMMA = YES;
				CLANG_WARN_CONSTANT_CONVERSION = YES;
				CLANG_WARN_DEPRECATED_OBJC_IMPLEMENTATIONS = YES;
				CLANG_WARN_DIRECT_OBJC_ISA_USAGE = YES_ERROR;
				CLANG_WARN_DOCUMENTATION_COMMENTS = YES;
				CLANG_WARN_EMPTY_BODY = YES;
				CLANG_WARN_ENUM_CONVERSION = YES;
				CLANG_WARN_INFINITE_RECURSION = YES;
				CLANG_WARN_INT_CONVERSION = YES;
				CLANG_WARN_NON_LITERAL_NULL_CONVERSION = YES;
				CLANG_WARN_OBJC_IMPLICIT_RETAIN_SELF = YES;
				CLANG_WARN_OBJC_LITERAL_CONVERSION = YES;
				CLANG_WARN_OBJC_ROOT_CLASS = YES_ERROR;
				CLANG_WARN_RANGE_LOOP_ANALYSIS = YES;
				CLANG_WARN_STRICT_PROTOTYPES = YES;
				CLANG_WARN_SUSPICIOUS_MOVE = YES;
				CLANG_WARN_UNGUARDED_AVAILABILITY = YES_AGGRESSIVE;
				CLANG_WARN_UNREACHABLE_CODE = YES;
				CLANG_WARN__DUPLICATE_METHOD_MATCH = YES;
				COPY_PHASE_STRIP = NO;
				DEBUG_INFORMATION_FORMAT = dwarf;
				ENABLE_STRICT_OBJC_MSGSEND = YES;
				ENABLE_TESTABILITY = YES;
				GCC_C_LANGUAGE_STANDARD = gnu11;
				GCC_DYNAMIC_NO_PIC = NO;
				GCC_NO_COMMON_BLOCKS = YES;
				GCC_OPTIMIZATION_LEVEL = 0;
				GCC_PREPROCESSOR_DEFINITIONS = (
					"DEBUG=1",
					"$(inherited)",
				);
				GCC_WARN_64_TO_32_BIT_CONVERSION = YES;
				GCC_WARN_ABOUT_RETURN_TYPE = YES_ERROR;
				GCC_WARN_UNDECLARED_SELECTOR = YES;
				GCC_WARN_UNINITIALIZED_AUTOS = YES_AGGRESSIVE;
				GCC_WARN_UNUSED_FUNCTION = YES;
				GCC_WARN_UNUSED_VARIABLE = YES;
				IPHONEOS_DEPLOYMENT_TARGET = 13.2;
				MTL_ENABLE_DEBUG_INFO = INCLUDE_SOURCE;
				MTL_FAST_MATH = YES;
				ONLY_ACTIVE_ARCH = YES;
				SDKROOT = iphoneos;
				SWIFT_ACTIVE_COMPILATION_CONDITIONS = DEBUG;
				SWIFT_OPTIMIZATION_LEVEL = "-Onone";
			};
			name = Debug;
		};
		1F1CF9CF23C8BDC300053A71 /* Release */ = {
			isa = XCBuildConfiguration;
			buildSettings = {
				ALWAYS_SEARCH_USER_PATHS = NO;
				CLANG_ANALYZER_LOCALIZABILITY_NONLOCALIZED = YES;
				CLANG_ANALYZER_NONNULL = YES;
				CLANG_ANALYZER_NUMBER_OBJECT_CONVERSION = YES_AGGRESSIVE;
				CLANG_CXX_LANGUAGE_STANDARD = "gnu++14";
				CLANG_CXX_LIBRARY = "libc++";
				CLANG_ENABLE_MODULES = YES;
				CLANG_ENABLE_OBJC_ARC = YES;
				CLANG_ENABLE_OBJC_WEAK = YES;
				CLANG_WARN_BLOCK_CAPTURE_AUTORELEASING = YES;
				CLANG_WARN_BOOL_CONVERSION = YES;
				CLANG_WARN_COMMA = YES;
				CLANG_WARN_CONSTANT_CONVERSION = YES;
				CLANG_WARN_DEPRECATED_OBJC_IMPLEMENTATIONS = YES;
				CLANG_WARN_DIRECT_OBJC_ISA_USAGE = YES_ERROR;
				CLANG_WARN_DOCUMENTATION_COMMENTS = YES;
				CLANG_WARN_EMPTY_BODY = YES;
				CLANG_WARN_ENUM_CONVERSION = YES;
				CLANG_WARN_INFINITE_RECURSION = YES;
				CLANG_WARN_INT_CONVERSION = YES;
				CLANG_WARN_NON_LITERAL_NULL_CONVERSION = YES;
				CLANG_WARN_OBJC_IMPLICIT_RETAIN_SELF = YES;
				CLANG_WARN_OBJC_LITERAL_CONVERSION = YES;
				CLANG_WARN_OBJC_ROOT_CLASS = YES_ERROR;
				CLANG_WARN_RANGE_LOOP_ANALYSIS = YES;
				CLANG_WARN_STRICT_PROTOTYPES = YES;
				CLANG_WARN_SUSPICIOUS_MOVE = YES;
				CLANG_WARN_UNGUARDED_AVAILABILITY = YES_AGGRESSIVE;
				CLANG_WARN_UNREACHABLE_CODE = YES;
				CLANG_WARN__DUPLICATE_METHOD_MATCH = YES;
				COPY_PHASE_STRIP = NO;
				DEBUG_INFORMATION_FORMAT = "dwarf-with-dsym";
				ENABLE_NS_ASSERTIONS = NO;
				ENABLE_STRICT_OBJC_MSGSEND = YES;
				GCC_C_LANGUAGE_STANDARD = gnu11;
				GCC_NO_COMMON_BLOCKS = YES;
				GCC_WARN_64_TO_32_BIT_CONVERSION = YES;
				GCC_WARN_ABOUT_RETURN_TYPE = YES_ERROR;
				GCC_WARN_UNDECLARED_SELECTOR = YES;
				GCC_WARN_UNINITIALIZED_AUTOS = YES_AGGRESSIVE;
				GCC_WARN_UNUSED_FUNCTION = YES;
				GCC_WARN_UNUSED_VARIABLE = YES;
				IPHONEOS_DEPLOYMENT_TARGET = 13.2;
				MTL_ENABLE_DEBUG_INFO = NO;
				MTL_FAST_MATH = YES;
				SDKROOT = iphoneos;
				SWIFT_COMPILATION_MODE = wholemodule;
				SWIFT_OPTIMIZATION_LEVEL = "-O";
				VALIDATE_PRODUCT = YES;
			};
			name = Release;
		};
		1F1CF9D123C8BDC300053A71 /* Debug */ = {
			isa = XCBuildConfiguration;
			buildSettings = {
				ASSETCATALOG_COMPILER_APPICON_NAME = AppIcon;
				CODE_SIGN_ENTITLEMENTS = GroceryCalculator/GroceryCalculator.entitlements;
				"CODE_SIGN_IDENTITY[sdk=macosx*]" = "Apple Development";
				CODE_SIGN_STYLE = Automatic;
				CURRENT_PROJECT_VERSION = 4;
				DEVELOPMENT_ASSET_PATHS = "\"GroceryCalculator/Preview Content\"";
				DEVELOPMENT_TEAM = 6E3MXG6BSH;
				ENABLE_PREVIEWS = YES;
				INFOPLIST_FILE = GroceryCalculator/Info.plist;
				LD_RUNPATH_SEARCH_PATHS = (
					"$(inherited)",
					"@executable_path/Frameworks",
				);
				PRODUCT_BUNDLE_IDENTIFIER = com.renangreca.SmartShoppingCart;
				PRODUCT_NAME = "$(TARGET_NAME)";
				STRIP_BITCODE_FROM_COPIED_FILES = NO;
				SUPPORTS_MACCATALYST = YES;
				SWIFT_VERSION = 5.0;
				TARGETED_DEVICE_FAMILY = "1,2";
			};
			name = Debug;
		};
		1F1CF9D223C8BDC300053A71 /* Release */ = {
			isa = XCBuildConfiguration;
			buildSettings = {
				ASSETCATALOG_COMPILER_APPICON_NAME = AppIcon;
				CODE_SIGN_ENTITLEMENTS = GroceryCalculator/GroceryCalculator.entitlements;
				"CODE_SIGN_IDENTITY[sdk=macosx*]" = "Apple Development";
				CODE_SIGN_STYLE = Automatic;
				CURRENT_PROJECT_VERSION = 4;
				DEVELOPMENT_ASSET_PATHS = "\"GroceryCalculator/Preview Content\"";
				DEVELOPMENT_TEAM = 6E3MXG6BSH;
				ENABLE_PREVIEWS = YES;
				INFOPLIST_FILE = GroceryCalculator/Info.plist;
				LD_RUNPATH_SEARCH_PATHS = (
					"$(inherited)",
					"@executable_path/Frameworks",
				);
				PRODUCT_BUNDLE_IDENTIFIER = com.renangreca.SmartShoppingCart;
				PRODUCT_NAME = "$(TARGET_NAME)";
				STRIP_BITCODE_FROM_COPIED_FILES = NO;
				SUPPORTS_MACCATALYST = YES;
				SWIFT_VERSION = 5.0;
				TARGETED_DEVICE_FAMILY = "1,2";
			};
			name = Release;
		};
		1F1CF9D423C8BDC300053A71 /* Debug */ = {
			isa = XCBuildConfiguration;
			buildSettings = {
				ALWAYS_EMBED_SWIFT_STANDARD_LIBRARIES = YES;
				BUNDLE_LOADER = "$(TEST_HOST)";
				CODE_SIGN_STYLE = Automatic;
				DEVELOPMENT_TEAM = TN7Z9M8SW7;
				INFOPLIST_FILE = GroceryCalculatorTests/Info.plist;
				IPHONEOS_DEPLOYMENT_TARGET = 13.2;
				LD_RUNPATH_SEARCH_PATHS = (
					"$(inherited)",
					"@executable_path/Frameworks",
					"@loader_path/Frameworks",
				);
				PRODUCT_BUNDLE_IDENTIFIER = com.renangreca.GroceryCalculatorTests;
				PRODUCT_NAME = "$(TARGET_NAME)";
				SWIFT_VERSION = 5.0;
				TARGETED_DEVICE_FAMILY = "1,2";
				TEST_HOST = "$(BUILT_PRODUCTS_DIR)/GroceryCalculator.app/GroceryCalculator";
			};
			name = Debug;
		};
		1F1CF9D523C8BDC300053A71 /* Release */ = {
			isa = XCBuildConfiguration;
			buildSettings = {
				ALWAYS_EMBED_SWIFT_STANDARD_LIBRARIES = YES;
				BUNDLE_LOADER = "$(TEST_HOST)";
				CODE_SIGN_STYLE = Automatic;
				DEVELOPMENT_TEAM = TN7Z9M8SW7;
				INFOPLIST_FILE = GroceryCalculatorTests/Info.plist;
				IPHONEOS_DEPLOYMENT_TARGET = 13.2;
				LD_RUNPATH_SEARCH_PATHS = (
					"$(inherited)",
					"@executable_path/Frameworks",
					"@loader_path/Frameworks",
				);
				PRODUCT_BUNDLE_IDENTIFIER = com.renangreca.GroceryCalculatorTests;
				PRODUCT_NAME = "$(TARGET_NAME)";
				SWIFT_VERSION = 5.0;
				TARGETED_DEVICE_FAMILY = "1,2";
				TEST_HOST = "$(BUILT_PRODUCTS_DIR)/GroceryCalculator.app/GroceryCalculator";
			};
			name = Release;
		};
		1F6124DF24656C8F00CE2E75 /* Debug */ = {
			isa = XCBuildConfiguration;
			buildSettings = {
				ASSETCATALOG_COMPILER_COMPLICATION_NAME = Complication;
				CODE_SIGN_ENTITLEMENTS = "Shopping Extension/Shopping Extension.entitlements";
				CODE_SIGN_STYLE = Automatic;
				CURRENT_PROJECT_VERSION = 4;
				DEVELOPMENT_ASSET_PATHS = "\"Shopping Extension/Preview Content\"";
				DEVELOPMENT_TEAM = 6E3MXG6BSH;
				ENABLE_PREVIEWS = YES;
				INFOPLIST_FILE = "Shopping Extension/Info.plist";
				LD_RUNPATH_SEARCH_PATHS = (
					"$(inherited)",
					"@executable_path/Frameworks",
					"@executable_path/../../Frameworks",
				);
				PRODUCT_BUNDLE_IDENTIFIER = com.renangreca.SmartShoppingCart.watchkitapp.watchkitextension;
				PRODUCT_NAME = "${TARGET_NAME}";
				SDKROOT = watchos;
				SKIP_INSTALL = YES;
				STRIP_BITCODE_FROM_COPIED_FILES = NO;
				SWIFT_VERSION = 5.0;
				TARGETED_DEVICE_FAMILY = 4;
				WATCHOS_DEPLOYMENT_TARGET = 6.2;
			};
			name = Debug;
		};
		1F6124E024656C8F00CE2E75 /* Release */ = {
			isa = XCBuildConfiguration;
			buildSettings = {
				ASSETCATALOG_COMPILER_COMPLICATION_NAME = Complication;
				CODE_SIGN_ENTITLEMENTS = "Shopping Extension/Shopping Extension.entitlements";
				CODE_SIGN_STYLE = Automatic;
				CURRENT_PROJECT_VERSION = 4;
				DEVELOPMENT_ASSET_PATHS = "\"Shopping Extension/Preview Content\"";
				DEVELOPMENT_TEAM = 6E3MXG6BSH;
				ENABLE_PREVIEWS = YES;
				INFOPLIST_FILE = "Shopping Extension/Info.plist";
				LD_RUNPATH_SEARCH_PATHS = (
					"$(inherited)",
					"@executable_path/Frameworks",
					"@executable_path/../../Frameworks",
				);
				PRODUCT_BUNDLE_IDENTIFIER = com.renangreca.SmartShoppingCart.watchkitapp.watchkitextension;
				PRODUCT_NAME = "${TARGET_NAME}";
				SDKROOT = watchos;
				SKIP_INSTALL = YES;
				STRIP_BITCODE_FROM_COPIED_FILES = NO;
				SWIFT_VERSION = 5.0;
				TARGETED_DEVICE_FAMILY = 4;
				WATCHOS_DEPLOYMENT_TARGET = 6.2;
			};
			name = Release;
		};
		1F6124E324656C8F00CE2E75 /* Debug */ = {
			isa = XCBuildConfiguration;
			buildSettings = {
				ALWAYS_EMBED_SWIFT_STANDARD_LIBRARIES = YES;
				ASSETCATALOG_COMPILER_APPICON_NAME = AppIcon;
				CODE_SIGN_STYLE = Automatic;
				CURRENT_PROJECT_VERSION = 4;
				DEVELOPMENT_TEAM = 6E3MXG6BSH;
				IBSC_MODULE = Shopping_Extension;
				INFOPLIST_FILE = Shopping/Info.plist;
				PRODUCT_BUNDLE_IDENTIFIER = com.renangreca.SmartShoppingCart.watchkitapp;
				PRODUCT_NAME = "$(TARGET_NAME)";
				SDKROOT = watchos;
				SKIP_INSTALL = YES;
				STRIP_BITCODE_FROM_COPIED_FILES = NO;
				SWIFT_VERSION = 5.0;
				TARGETED_DEVICE_FAMILY = 4;
				WATCHOS_DEPLOYMENT_TARGET = 6.2;
			};
			name = Debug;
		};
		1F6124E424656C8F00CE2E75 /* Release */ = {
			isa = XCBuildConfiguration;
			buildSettings = {
				ALWAYS_EMBED_SWIFT_STANDARD_LIBRARIES = YES;
				ASSETCATALOG_COMPILER_APPICON_NAME = AppIcon;
				CODE_SIGN_STYLE = Automatic;
				CURRENT_PROJECT_VERSION = 4;
				DEVELOPMENT_TEAM = 6E3MXG6BSH;
				IBSC_MODULE = Shopping_Extension;
				INFOPLIST_FILE = Shopping/Info.plist;
				PRODUCT_BUNDLE_IDENTIFIER = com.renangreca.SmartShoppingCart.watchkitapp;
				PRODUCT_NAME = "$(TARGET_NAME)";
				SDKROOT = watchos;
				SKIP_INSTALL = YES;
				STRIP_BITCODE_FROM_COPIED_FILES = NO;
				SWIFT_VERSION = 5.0;
				TARGETED_DEVICE_FAMILY = 4;
				WATCHOS_DEPLOYMENT_TARGET = 6.2;
			};
			name = Release;
		};
		1F71103123FAD2AC00A28576 /* Debug */ = {
			isa = XCBuildConfiguration;
			buildSettings = {
				CODE_SIGN_STYLE = Automatic;
				DEVELOPMENT_TEAM = TN7Z9M8SW7;
				INFOPLIST_FILE = GroceryCalculatorUITests/Info.plist;
				LD_RUNPATH_SEARCH_PATHS = (
					"$(inherited)",
					"@executable_path/Frameworks",
					"@loader_path/Frameworks",
				);
				PRODUCT_BUNDLE_IDENTIFIER = com.renangreca.GroceryCalculatorUITests;
				PRODUCT_NAME = "$(TARGET_NAME)";
				SWIFT_VERSION = 5.0;
				TARGETED_DEVICE_FAMILY = "1,2";
				TEST_TARGET_NAME = GroceryCalculator;
			};
			name = Debug;
		};
		1F71103223FAD2AC00A28576 /* Release */ = {
			isa = XCBuildConfiguration;
			buildSettings = {
				CODE_SIGN_STYLE = Automatic;
				DEVELOPMENT_TEAM = TN7Z9M8SW7;
				INFOPLIST_FILE = GroceryCalculatorUITests/Info.plist;
				LD_RUNPATH_SEARCH_PATHS = (
					"$(inherited)",
					"@executable_path/Frameworks",
					"@loader_path/Frameworks",
				);
				PRODUCT_BUNDLE_IDENTIFIER = com.renangreca.GroceryCalculatorUITests;
				PRODUCT_NAME = "$(TARGET_NAME)";
				SWIFT_VERSION = 5.0;
				TARGETED_DEVICE_FAMILY = "1,2";
				TEST_TARGET_NAME = GroceryCalculator;
			};
			name = Release;
		};
/* End XCBuildConfiguration section */

/* Begin XCConfigurationList section */
		1F1CF99E23C8BDC200053A71 /* Build configuration list for PBXProject "GroceryCalculator" */ = {
			isa = XCConfigurationList;
			buildConfigurations = (
				1F1CF9CE23C8BDC300053A71 /* Debug */,
				1F1CF9CF23C8BDC300053A71 /* Release */,
			);
			defaultConfigurationIsVisible = 0;
			defaultConfigurationName = Release;
		};
		1F1CF9D023C8BDC300053A71 /* Build configuration list for PBXNativeTarget "GroceryCalculator" */ = {
			isa = XCConfigurationList;
			buildConfigurations = (
				1F1CF9D123C8BDC300053A71 /* Debug */,
				1F1CF9D223C8BDC300053A71 /* Release */,
			);
			defaultConfigurationIsVisible = 0;
			defaultConfigurationName = Release;
		};
		1F1CF9D323C8BDC300053A71 /* Build configuration list for PBXNativeTarget "GroceryCalculatorTests" */ = {
			isa = XCConfigurationList;
			buildConfigurations = (
				1F1CF9D423C8BDC300053A71 /* Debug */,
				1F1CF9D523C8BDC300053A71 /* Release */,
			);
			defaultConfigurationIsVisible = 0;
			defaultConfigurationName = Release;
		};
		1F6124DE24656C8F00CE2E75 /* Build configuration list for PBXNativeTarget "Shopping Extension" */ = {
			isa = XCConfigurationList;
			buildConfigurations = (
				1F6124DF24656C8F00CE2E75 /* Debug */,
				1F6124E024656C8F00CE2E75 /* Release */,
			);
			defaultConfigurationIsVisible = 0;
			defaultConfigurationName = Release;
		};
		1F6124E224656C8F00CE2E75 /* Build configuration list for PBXNativeTarget "ShoppingWatch" */ = {
			isa = XCConfigurationList;
			buildConfigurations = (
				1F6124E324656C8F00CE2E75 /* Debug */,
				1F6124E424656C8F00CE2E75 /* Release */,
			);
			defaultConfigurationIsVisible = 0;
			defaultConfigurationName = Release;
		};
		1F71103023FAD2AC00A28576 /* Build configuration list for PBXNativeTarget "GroceryCalculatorUITests" */ = {
			isa = XCConfigurationList;
			buildConfigurations = (
				1F71103123FAD2AC00A28576 /* Debug */,
				1F71103223FAD2AC00A28576 /* Release */,
			);
			defaultConfigurationIsVisible = 0;
			defaultConfigurationName = Release;
		};
/* End XCConfigurationList section */

/* Begin XCVersionGroup section */
		1F1CF9AA23C8BDC200053A71 /* GroceryCalculator.xcdatamodeld */ = {
			isa = XCVersionGroup;
			children = (
				1F1CF9AB23C8BDC200053A71 /* GroceryCalculator.xcdatamodel */,
			);
			currentVersion = 1F1CF9AB23C8BDC200053A71 /* GroceryCalculator.xcdatamodel */;
			path = GroceryCalculator.xcdatamodeld;
			sourceTree = "<group>";
			versionGroupType = wrapper.xcdatamodel;
		};
/* End XCVersionGroup section */
	};
	rootObject = 1F1CF99B23C8BDC200053A71 /* Project object */;
}
